<?xml version="1.0" encoding="utf-8"?>
<Project ToolsVersion="4.0" xmlns="http://schemas.microsoft.com/developer/msbuild/2003">
  <ItemGroup>
    <Filter Include="Source Files">
      <UniqueIdentifier>{4FC737F1-C7A5-4376-A066-2A32D752A2FF}</UniqueIdentifier>
      <Extensions>cpp;c;cc;cxx;def;odl;idl;hpj;bat;asm;asmx</Extensions>
    </Filter>
    <Filter Include="Header Files">
      <UniqueIdentifier>{93995380-89BD-4b04-88EB-625FBE52EBFB}</UniqueIdentifier>
      <Extensions>h;hh;hpp;hxx;hm;inl;inc;xsd</Extensions>
    </Filter>
    <Filter Include="Resource Files">
      <UniqueIdentifier>{67DA6AB6-F800-4c08-8B7A-83BB121AAD01}</UniqueIdentifier>
      <Extensions>rc;ico;cur;bmp;dlg;rc2;rct;bin;rgs;gif;jpg;jpeg;jpe;resx;tiff;tif;png;wav;mfcribbon-ms</Extensions>
    </Filter>
  </ItemGroup>
  <ItemGroup>
    <ClCompile Include="MatrixTest.cpp">
      <Filter>Source Files</Filter>
    </ClCompile>
  </ItemGroup>
  <ItemGroup>
    <ClInclude Include="Eigen\Array.h">
      <Filter>Header Files</Filter>
    </ClInclude>
    <ClInclude Include="Eigen\ArrayBase.h">
      <Filter>Header Files</Filter>
    </ClInclude>
    <ClInclude Include="Eigen\ArrayWrapper.h">
      <Filter>Header Files</Filter>
    </ClInclude>
    <ClInclude Include="Eigen\Assign.h">
      <Filter>Header Files</Filter>
    </ClInclude>
    <ClInclude Include="Eigen\Assign_MKL.h">
      <Filter>Header Files</Filter>
    </ClInclude>
    <ClInclude Include="Eigen\BandMatrix.h">
      <Filter>Header Files</Filter>
    </ClInclude>
    <ClInclude Include="Eigen\Block.h">
      <Filter>Header Files</Filter>
    </ClInclude>
    <ClInclude Include="Eigen\BooleanRedux.h">
      <Filter>Header Files</Filter>
    </ClInclude>
    <ClInclude Include="Eigen\CommaInitializer.h">
      <Filter>Header Files</Filter>
    </ClInclude>
    <ClInclude Include="Eigen\CoreIterators.h">
      <Filter>Header Files</Filter>
    </ClInclude>
    <ClInclude Include="Eigen\CwiseBinaryOp.h">
      <Filter>Header Files</Filter>
    </ClInclude>
    <ClInclude Include="Eigen\CwiseNullaryOp.h">
      <Filter>Header Files</Filter>
    </ClInclude>
    <ClInclude Include="Eigen\CwiseUnaryOp.h">
      <Filter>Header Files</Filter>
    </ClInclude>
    <ClInclude Include="Eigen\CwiseUnaryView.h">
      <Filter>Header Files</Filter>
    </ClInclude>
    <ClInclude Include="Eigen\DenseBase.h">
      <Filter>Header Files</Filter>
    </ClInclude>
    <ClInclude Include="Eigen\DenseCoeffsBase.h">
      <Filter>Header Files</Filter>
    </ClInclude>
    <ClInclude Include="Eigen\DenseStorage.h">
      <Filter>Header Files</Filter>
    </ClInclude>
    <ClInclude Include="Eigen\Diagonal.h">
      <Filter>Header Files</Filter>
    </ClInclude>
    <ClInclude Include="Eigen\DiagonalMatrix.h">
      <Filter>Header Files</Filter>
    </ClInclude>
    <ClInclude Include="Eigen\DiagonalProduct.h">
      <Filter>Header Files</Filter>
    </ClInclude>
    <ClInclude Include="Eigen\Dot.h">
      <Filter>Header Files</Filter>
    </ClInclude>
    <ClInclude Include="Eigen\EigenBase.h">
      <Filter>Header Files</Filter>
    </ClInclude>
    <ClInclude Include="Eigen\Flagged.h">
      <Filter>Header Files</Filter>
    </ClInclude>
    <ClInclude Include="Eigen\ForceAlignedAccess.h">
      <Filter>Header Files</Filter>
    </ClInclude>
    <ClInclude Include="Eigen\Functors.h">
      <Filter>Header Files</Filter>
    </ClInclude>
    <ClInclude Include="Eigen\Fuzzy.h">
      <Filter>Header Files</Filter>
    </ClInclude>
    <ClInclude Include="Eigen\GeneralProduct.h">
      <Filter>Header Files</Filter>
    </ClInclude>
    <ClInclude Include="Eigen\GenericPacketMath.h">
      <Filter>Header Files</Filter>
    </ClInclude>
    <ClInclude Include="Eigen\GlobalFunctions.h">
      <Filter>Header Files</Filter>
    </ClInclude>
    <ClInclude Include="Eigen\IO.h">
      <Filter>Header Files</Filter>
    </ClInclude>
    <ClInclude Include="Eigen\Map.h">
      <Filter>Header Files</Filter>
    </ClInclude>
    <ClInclude Include="Eigen\MapBase.h">
      <Filter>Header Files</Filter>
    </ClInclude>
    <ClInclude Include="Eigen\MathFunctions.h">
      <Filter>Header Files</Filter>
    </ClInclude>
    <ClInclude Include="Eigen\Matrix.h">
      <Filter>Header Files</Filter>
    </ClInclude>
    <ClInclude Include="Eigen\MatrixBase.h">
      <Filter>Header Files</Filter>
    </ClInclude>
    <ClInclude Include="Eigen\NestByValue.h">
      <Filter>Header Files</Filter>
    </ClInclude>
    <ClInclude Include="Eigen\NoAlias.h">
      <Filter>Header Files</Filter>
    </ClInclude>
    <ClInclude Include="Eigen\NumTraits.h">
      <Filter>Header Files</Filter>
    </ClInclude>
    <ClInclude Include="Eigen\PermutationMatrix.h">
      <Filter>Header Files</Filter>
    </ClInclude>
    <ClInclude Include="Eigen\PlainObjectBase.h">
      <Filter>Header Files</Filter>
    </ClInclude>
    <ClInclude Include="Eigen\ProductBase.h">
      <Filter>Header Files</Filter>
    </ClInclude>
    <ClInclude Include="Eigen\Random.h">
      <Filter>Header Files</Filter>
    </ClInclude>
    <ClInclude Include="Eigen\Redux.h">
      <Filter>Header Files</Filter>
    </ClInclude>
    <ClInclude Include="Eigen\Ref.h">
      <Filter>Header Files</Filter>
    </ClInclude>
    <ClInclude Include="Eigen\Replicate.h">
      <Filter>Header Files</Filter>
    </ClInclude>
    <ClInclude Include="Eigen\ReturnByValue.h">
      <Filter>Header Files</Filter>
    </ClInclude>
    <ClInclude Include="Eigen\Reverse.h">
      <Filter>Header Files</Filter>
    </ClInclude>
    <ClInclude Include="Eigen\Select.h">
      <Filter>Header Files</Filter>
    </ClInclude>
    <ClInclude Include="Eigen\SelfAdjointView.h">
      <Filter>Header Files</Filter>
    </ClInclude>
    <ClInclude Include="Eigen\SelfCwiseBinaryOp.h">
      <Filter>Header Files</Filter>
    </ClInclude>
    <ClInclude Include="Eigen\SolveTriangular.h">
      <Filter>Header Files</Filter>
    </ClInclude>
    <ClInclude Include="Eigen\StableNorm.h">
      <Filter>Header Files</Filter>
    </ClInclude>
    <ClInclude Include="Eigen\Stride.h">
      <Filter>Header Files</Filter>
    </ClInclude>
    <ClInclude Include="Eigen\Swap.h">
      <Filter>Header Files</Filter>
    </ClInclude>
    <ClInclude Include="Eigen\Transpose.h">
      <Filter>Header Files</Filter>
    </ClInclude>
    <ClInclude Include="Eigen\Transpositions.h">
      <Filter>Header Files</Filter>
    </ClInclude>
    <ClInclude Include="Eigen\TriangularMatrix.h">
      <Filter>Header Files</Filter>
    </ClInclude>
    <ClInclude Include="Eigen\VectorBlock.h">
      <Filter>Header Files</Filter>
    </ClInclude>
    <ClInclude Include="Eigen\VectorwiseOp.h">
      <Filter>Header Files</Filter>
    </ClInclude>
    <ClInclude Include="Eigen\Visitor.h">
      <Filter>Header Files</Filter>
    </ClInclude>
  </ItemGroup>
  <ItemGroup>
    <Text Include="Eigen\CMakeLists.txt">
      <Filter>Header Files</Filter>
    </Text>
  </ItemGroup>
</Project>